// !$*UTF8*$!
{
	archiveVersion = 1;
	classes = {
	};
	objectVersion = 56;
	objects = {

/* Begin PBXBuildFile section */
		6A009E5F2AB5816A00A1397F /* Logger.swift in Sources */ = {isa = PBXBuildFile; fileRef = 6A009E5E2AB5816A00A1397F /* Logger.swift */; };
		6A00F2002AC5EC490054858A /* Install.swift in Sources */ = {isa = PBXBuildFile; fileRef = 6A00F1FF2AC5EC490054858A /* Install.swift */; };
		6A00F2052AC5F7450054858A /* GameImport.swift in Sources */ = {isa = PBXBuildFile; fileRef = 6A00F2042AC5F7450054858A /* GameImport.swift */; };
		6A00F20B2AC5F8730054858A /* Auth.swift in Sources */ = {isa = PBXBuildFile; fileRef = 6A00F20A2AC5F8730054858A /* Auth.swift */; };
		6A00F20D2AC5F8F90054858A /* ProgressViewWithError.swift in Sources */ = {isa = PBXBuildFile; fileRef = 6A00F20C2AC5F8F90054858A /* ProgressViewWithError.swift */; };
		6A0461BB2B4856C800DDF215 /* LocalGamesExt.swift in Sources */ = {isa = PBXBuildFile; fileRef = 6A0461BA2B4856C800DDF215 /* LocalGamesExt.swift */; };
		6A0585482ADEC17300165C3C /* WhiskyInterface.swift in Sources */ = {isa = PBXBuildFile; fileRef = 6A0585472ADEC17300165C3C /* WhiskyInterface.swift */; };
		6A0C66852ABC4092004B0755 /* CachedAsyncImage in Frameworks */ = {isa = PBXBuildFile; productRef = 6A0C66842ABC4092004B0755 /* CachedAsyncImage */; };
		6A1322382B1C98AE0049BB64 /* InstallStatus.swift in Sources */ = {isa = PBXBuildFile; fileRef = 6A1322372B1C98AE0049BB64 /* InstallStatus.swift */; };
		6A1417B82AF7CCD80022DE24 /* FileLocations.swift in Sources */ = {isa = PBXBuildFile; fileRef = 6A1417B72AF7CCD80022DE24 /* FileLocations.swift */; };
		6A1C6F422AEFD95900F89AE7 /* WineInterface.swift in Sources */ = {isa = PBXBuildFile; fileRef = 6A1C6F412AEFD95900F89AE7 /* WineInterface.swift */; };
		6A1C6F462AEFD9B100F89AE7 /* WineInterfaceExt.swift in Sources */ = {isa = PBXBuildFile; fileRef = 6A1C6F452AEFD9B100F89AE7 /* WineInterfaceExt.swift */; };
		6A1ECF722B0CA0560010DC17 /* EventManager.swift in Sources */ = {isa = PBXBuildFile; fileRef = 6A1ECF712B0CA0560010DC17 /* EventManager.swift */; };
		6A371B562AE7A5E20054BF7A /* Installer.swift in Sources */ = {isa = PBXBuildFile; fileRef = 6A371B552AE7A5E20054BF7A /* Installer.swift */; };
		6A371B592AE7DFBF0054BF7A /* ZIPFoundation in Frameworks */ = {isa = PBXBuildFile; productRef = 6A371B582AE7DFBF0054BF7A /* ZIPFoundation */; };
		6A371B5B2AE7E93B0054BF7A /* Libraries.swift in Sources */ = {isa = PBXBuildFile; fileRef = 6A371B5A2AE7E93B0054BF7A /* Libraries.swift */; };
		6A371B5D2AE84E340054BF7A /* Data.swift in Sources */ = {isa = PBXBuildFile; fileRef = 6A371B5C2AE84E340054BF7A /* Data.swift */; };
		6A38B64C2ACDB972004EC2E4 /* LocalGames.swift in Sources */ = {isa = PBXBuildFile; fileRef = 6A38B64B2ACDB972004EC2E4 /* LocalGames.swift */; };
		6A3A52552ADBD5E000BD7776 /* PlayDefault.swift in Sources */ = {isa = PBXBuildFile; fileRef = 6A3A52542ADBD5E000BD7776 /* PlayDefault.swift */; };
		6A4C396E2AC5DA4D002F943B /* GameSettings.swift in Sources */ = {isa = PBXBuildFile; fileRef = 6A4C396D2AC5DA4D002F943B /* GameSettings.swift */; };
		6A634B6E2AE951DC00EAC63C /* LibrariesExt.swift in Sources */ = {isa = PBXBuildFile; fileRef = 6A634B6D2AE951DC00EAC63C /* LibrariesExt.swift */; };
		6A6923522AD6D83D00157E3E /* Global.swift in Sources */ = {isa = PBXBuildFile; fileRef = 6A6923512AD6D83D00157E3E /* Global.swift */; };
		6A7F00B12B231EDF00D801CD /* StopDownloadAlert.swift in Sources */ = {isa = PBXBuildFile; fileRef = 6A7F00B02B231EDF00D801CD /* StopDownloadAlert.swift */; };
		6A82830E2AC71DAF005CA9AC /* Uninstall.swift in Sources */ = {isa = PBXBuildFile; fileRef = 6A82830D2AC71DAF005CA9AC /* Uninstall.swift */; };
		6A85A14F2B452B9400E05D83 /* Localizable.xcstrings in Resources */ = {isa = PBXBuildFile; fileRef = 6A85A14E2B452B9400E05D83 /* Localizable.xcstrings */; };
		6AA5307F2AB5E1DD002D238E /* GameList.swift in Sources */ = {isa = PBXBuildFile; fileRef = 6AA5307E2AB5E1DD002D238E /* GameList.swift */; };
		6AA6CCE32AD52B2600F664A5 /* LegendaryInterface.swift in Sources */ = {isa = PBXBuildFile; fileRef = 6AA6CCE22AD52B2600F664A5 /* LegendaryInterface.swift */; };
		6AA6CCE72AD571C500F664A5 /* LegendaryInterfaceExt.swift in Sources */ = {isa = PBXBuildFile; fileRef = 6AA6CCE62AD571C500F664A5 /* LegendaryInterfaceExt.swift */; };
		6AACB0932AC71757007D7CE8 /* UpdaterSettings[TEST].swift in Sources */ = {isa = PBXBuildFile; fileRef = 6AACB0922AC71757007D7CE8 /* UpdaterSettings[TEST].swift */; };
		6AAD31152B08693D0035FA69 /* SemanticVersion in Frameworks */ = {isa = PBXBuildFile; productRef = 6AAD31142B08693D0035FA69 /* SemanticVersion */; };
		6AAF14DF2B271DF4000B1BA2 /* legendary in Resources */ = {isa = PBXBuildFile; fileRef = 6AAF14DE2B271DF4000B1BA2 /* legendary */; };
		6AB474992AACBBE900AB9C63 /* MythicApp.swift in Sources */ = {isa = PBXBuildFile; fileRef = 6AB474982AACBBE900AB9C63 /* MythicApp.swift */; };
		6AB4749D2AACBBEA00AB9C63 /* Assets.xcassets in Resources */ = {isa = PBXBuildFile; fileRef = 6AB4749C2AACBBEA00AB9C63 /* Assets.xcassets */; };
		6AB474A02AACBBEA00AB9C63 /* Preview Assets.xcassets in Resources */ = {isa = PBXBuildFile; fileRef = 6AB4749F2AACBBEA00AB9C63 /* Preview Assets.xcassets */; };
		6AB474A82AACBC0100AB9C63 /* Main.swift in Sources */ = {isa = PBXBuildFile; fileRef = 6AB474A72AACBC0100AB9C63 /* Main.swift */; };
		6AC25CBD2AAED24700D395CF /* Settings.swift in Sources */ = {isa = PBXBuildFile; fileRef = 6AC25CBC2AAED24700D395CF /* Settings.swift */; };
		6AC3E1892B374D2E000EB765 /* VariableManager.swift in Sources */ = {isa = PBXBuildFile; fileRef = 6AC3E1882B374D2E000EB765 /* VariableManager.swift */; };
		6AC4745D2AC07F0D00188D38 /* ProgressView.swift in Sources */ = {isa = PBXBuildFile; fileRef = 6AC4745C2AC07F0D00188D38 /* ProgressView.swift */; };
		6AD506562AAFF671008A28C1 /* Home.swift in Sources */ = {isa = PBXBuildFile; fileRef = 6AD506552AAFF671008A28C1 /* Home.swift */; };
		6AD506582AAFF6CB008A28C1 /* Library.swift in Sources */ = {isa = PBXBuildFile; fileRef = 6AD506572AAFF6CB008A28C1 /* Library.swift */; };
		6AD5065A2AAFF6E2008A28C1 /* Wine.swift in Sources */ = {isa = PBXBuildFile; fileRef = 6AD506592AAFF6E2008A28C1 /* Wine.swift */; };
		6AD5065C2AAFF6F0008A28C1 /* Support.swift in Sources */ = {isa = PBXBuildFile; fileRef = 6AD5065B2AAFF6F0008A28C1 /* Support.swift */; };
		6ADF47FF2ADECD880039CDC9 /* WhiskyInterfaceExt.swift in Sources */ = {isa = PBXBuildFile; fileRef = 6ADF47FE2ADECD880039CDC9 /* WhiskyInterfaceExt.swift */; };
		6AE4A9A32B44682E0060D483 /* Lock.swift in Sources */ = {isa = PBXBuildFile; fileRef = 6AE4A9A22B44682E0060D483 /* Lock.swift */; };
		6AF0EB1F2AAD4E0A0044C09C /* Onboarding.swift in Sources */ = {isa = PBXBuildFile; fileRef = 6AF0EB1E2AAD4E0A0044C09C /* Onboarding.swift */; };
		6AF0EB212AAD4F1E0044C09C /* NotImplemented.swift in Sources */ = {isa = PBXBuildFile; fileRef = 6AF0EB202AAD4F1E0044C09C /* NotImplemented.swift */; };
		6AF0EB2A2AADE1780044C09C /* Store.swift in Sources */ = {isa = PBXBuildFile; fileRef = 6AF0EB292AADE1780044C09C /* Store.swift */; };
		6AF0EB2C2AADE2530044C09C /* WebView.swift in Sources */ = {isa = PBXBuildFile; fileRef = 6AF0EB2B2AADE2530044C09C /* WebView.swift */; };
		6AF7214D2B4C53F700AFD8F2 /* SearchBar.swift in Sources */ = {isa = PBXBuildFile; fileRef = 6AF7214C2B4C53F700AFD8F2 /* SearchBar.swift */; };
		6AFC027E2ABDB5D40004AB77 /* SwiftyJSON in Frameworks */ = {isa = PBXBuildFile; productRef = 6AFC027D2ABDB5D40004AB77 /* SwiftyJSON */; };
		6AFC02812ABE02970004AB77 /* Sparkle in Frameworks */ = {isa = PBXBuildFile; productRef = 6AFC02802ABE02970004AB77 /* Sparkle */; };
		6AFC02852ABF67F60004AB77 /* Bundle.swift in Sources */ = {isa = PBXBuildFile; fileRef = 6AFC02842ABF67F60004AB77 /* Bundle.swift */; };
/* End PBXBuildFile section */

/* Begin PBXFileReference section */
		6A009E5E2AB5816A00A1397F /* Logger.swift */ = {isa = PBXFileReference; lastKnownFileType = sourcecode.swift; path = Logger.swift; sourceTree = "<group>"; };
		6A00F1FF2AC5EC490054858A /* Install.swift */ = {isa = PBXFileReference; lastKnownFileType = sourcecode.swift; path = Install.swift; sourceTree = "<group>"; };
		6A00F2042AC5F7450054858A /* GameImport.swift */ = {isa = PBXFileReference; lastKnownFileType = sourcecode.swift; path = GameImport.swift; sourceTree = "<group>"; };
		6A00F20A2AC5F8730054858A /* Auth.swift */ = {isa = PBXFileReference; lastKnownFileType = sourcecode.swift; path = Auth.swift; sourceTree = "<group>"; };
		6A00F20C2AC5F8F90054858A /* ProgressViewWithError.swift */ = {isa = PBXFileReference; lastKnownFileType = sourcecode.swift; path = ProgressViewWithError.swift; sourceTree = "<group>"; };
		6A0461BA2B4856C800DDF215 /* LocalGamesExt.swift */ = {isa = PBXFileReference; lastKnownFileType = sourcecode.swift; path = LocalGamesExt.swift; sourceTree = "<group>"; };
		6A0585472ADEC17300165C3C /* WhiskyInterface.swift */ = {isa = PBXFileReference; lastKnownFileType = sourcecode.swift; path = WhiskyInterface.swift; sourceTree = "<group>"; };
		6A1322372B1C98AE0049BB64 /* InstallStatus.swift */ = {isa = PBXFileReference; lastKnownFileType = sourcecode.swift; path = InstallStatus.swift; sourceTree = "<group>"; };
		6A1417B72AF7CCD80022DE24 /* FileLocations.swift */ = {isa = PBXFileReference; lastKnownFileType = sourcecode.swift; path = FileLocations.swift; sourceTree = "<group>"; };
		6A1C6F412AEFD95900F89AE7 /* WineInterface.swift */ = {isa = PBXFileReference; lastKnownFileType = sourcecode.swift; path = WineInterface.swift; sourceTree = "<group>"; };
		6A1C6F452AEFD9B100F89AE7 /* WineInterfaceExt.swift */ = {isa = PBXFileReference; lastKnownFileType = sourcecode.swift; path = WineInterfaceExt.swift; sourceTree = "<group>"; };
		6A1ECF712B0CA0560010DC17 /* EventManager.swift */ = {isa = PBXFileReference; fileEncoding = 4; lastKnownFileType = sourcecode.swift; path = EventManager.swift; sourceTree = "<group>"; };
		6A371B552AE7A5E20054BF7A /* Installer.swift */ = {isa = PBXFileReference; lastKnownFileType = sourcecode.swift; path = Installer.swift; sourceTree = "<group>"; };
		6A371B5A2AE7E93B0054BF7A /* Libraries.swift */ = {isa = PBXFileReference; lastKnownFileType = sourcecode.swift; path = Libraries.swift; sourceTree = "<group>"; };
		6A371B5C2AE84E340054BF7A /* Data.swift */ = {isa = PBXFileReference; lastKnownFileType = sourcecode.swift; path = Data.swift; sourceTree = "<group>"; };
		6A38B64B2ACDB972004EC2E4 /* LocalGames.swift */ = {isa = PBXFileReference; lastKnownFileType = sourcecode.swift; path = LocalGames.swift; sourceTree = "<group>"; };
		6A3A52542ADBD5E000BD7776 /* PlayDefault.swift */ = {isa = PBXFileReference; lastKnownFileType = sourcecode.swift; path = PlayDefault.swift; sourceTree = "<group>"; };
		6A4C396D2AC5DA4D002F943B /* GameSettings.swift */ = {isa = PBXFileReference; lastKnownFileType = sourcecode.swift; path = GameSettings.swift; sourceTree = "<group>"; };
		6A634B6D2AE951DC00EAC63C /* LibrariesExt.swift */ = {isa = PBXFileReference; lastKnownFileType = sourcecode.swift; path = LibrariesExt.swift; sourceTree = "<group>"; };
		6A6923512AD6D83D00157E3E /* Global.swift */ = {isa = PBXFileReference; lastKnownFileType = sourcecode.swift; path = Global.swift; sourceTree = "<group>"; };
		6A7F00B02B231EDF00D801CD /* StopDownloadAlert.swift */ = {isa = PBXFileReference; lastKnownFileType = sourcecode.swift; path = StopDownloadAlert.swift; sourceTree = "<group>"; };
		6A82830D2AC71DAF005CA9AC /* Uninstall.swift */ = {isa = PBXFileReference; fileEncoding = 4; lastKnownFileType = sourcecode.swift; path = Uninstall.swift; sourceTree = "<group>"; };
		6A85A14E2B452B9400E05D83 /* Localizable.xcstrings */ = {isa = PBXFileReference; lastKnownFileType = text.json.xcstrings; path = Localizable.xcstrings; sourceTree = "<group>"; };
		6AA5307E2AB5E1DD002D238E /* GameList.swift */ = {isa = PBXFileReference; lastKnownFileType = sourcecode.swift; path = GameList.swift; sourceTree = "<group>"; };
		6AA6CCE22AD52B2600F664A5 /* LegendaryInterface.swift */ = {isa = PBXFileReference; fileEncoding = 4; lastKnownFileType = sourcecode.swift; path = LegendaryInterface.swift; sourceTree = "<group>"; };
		6AA6CCE62AD571C500F664A5 /* LegendaryInterfaceExt.swift */ = {isa = PBXFileReference; lastKnownFileType = sourcecode.swift; path = LegendaryInterfaceExt.swift; sourceTree = "<group>"; };
		6AACB0922AC71757007D7CE8 /* UpdaterSettings[TEST].swift */ = {isa = PBXFileReference; lastKnownFileType = sourcecode.swift; path = "UpdaterSettings[TEST].swift"; sourceTree = "<group>"; };
		6AAF14DE2B271DF4000B1BA2 /* legendary */ = {isa = PBXFileReference; lastKnownFileType = folder; path = legendary; sourceTree = "<group>"; };
		6AB474952AACBBE900AB9C63 /* Mythic.app */ = {isa = PBXFileReference; explicitFileType = wrapper.application; includeInIndex = 0; path = Mythic.app; sourceTree = BUILT_PRODUCTS_DIR; };
		6AB474982AACBBE900AB9C63 /* MythicApp.swift */ = {isa = PBXFileReference; lastKnownFileType = sourcecode.swift; path = MythicApp.swift; sourceTree = "<group>"; };
		6AB4749C2AACBBEA00AB9C63 /* Assets.xcassets */ = {isa = PBXFileReference; lastKnownFileType = folder.assetcatalog; path = Assets.xcassets; sourceTree = "<group>"; };
		6AB4749F2AACBBEA00AB9C63 /* Preview Assets.xcassets */ = {isa = PBXFileReference; lastKnownFileType = folder.assetcatalog; path = "Preview Assets.xcassets"; sourceTree = "<group>"; };
		6AB474A12AACBBEA00AB9C63 /* Mythic.entitlements */ = {isa = PBXFileReference; lastKnownFileType = text.plist.entitlements; path = Mythic.entitlements; sourceTree = "<group>"; };
		6AB474A72AACBC0100AB9C63 /* Main.swift */ = {isa = PBXFileReference; lastKnownFileType = sourcecode.swift; path = Main.swift; sourceTree = "<group>"; };
		6AC25CBC2AAED24700D395CF /* Settings.swift */ = {isa = PBXFileReference; lastKnownFileType = sourcecode.swift; path = Settings.swift; sourceTree = "<group>"; };
		6AC25CBE2AAEFF5100D395CF /* Info.plist */ = {isa = PBXFileReference; lastKnownFileType = text.plist; path = Info.plist; sourceTree = "<group>"; };
		6AC3E1882B374D2E000EB765 /* VariableManager.swift */ = {isa = PBXFileReference; lastKnownFileType = sourcecode.swift; path = VariableManager.swift; sourceTree = "<group>"; };
		6AC4745C2AC07F0D00188D38 /* ProgressView.swift */ = {isa = PBXFileReference; lastKnownFileType = sourcecode.swift; path = ProgressView.swift; sourceTree = "<group>"; };
		6AD506552AAFF671008A28C1 /* Home.swift */ = {isa = PBXFileReference; lastKnownFileType = sourcecode.swift; path = Home.swift; sourceTree = "<group>"; };
		6AD506572AAFF6CB008A28C1 /* Library.swift */ = {isa = PBXFileReference; lastKnownFileType = sourcecode.swift; path = Library.swift; sourceTree = "<group>"; };
		6AD506592AAFF6E2008A28C1 /* Wine.swift */ = {isa = PBXFileReference; lastKnownFileType = sourcecode.swift; path = Wine.swift; sourceTree = "<group>"; };
		6AD5065B2AAFF6F0008A28C1 /* Support.swift */ = {isa = PBXFileReference; lastKnownFileType = sourcecode.swift; path = Support.swift; sourceTree = "<group>"; };
		6ADF47FE2ADECD880039CDC9 /* WhiskyInterfaceExt.swift */ = {isa = PBXFileReference; lastKnownFileType = sourcecode.swift; path = WhiskyInterfaceExt.swift; sourceTree = "<group>"; };
		6AE4A9A22B44682E0060D483 /* Lock.swift */ = {isa = PBXFileReference; lastKnownFileType = sourcecode.swift; path = Lock.swift; sourceTree = "<group>"; };
		6AF0EB1E2AAD4E0A0044C09C /* Onboarding.swift */ = {isa = PBXFileReference; lastKnownFileType = sourcecode.swift; path = Onboarding.swift; sourceTree = "<group>"; };
		6AF0EB202AAD4F1E0044C09C /* NotImplemented.swift */ = {isa = PBXFileReference; lastKnownFileType = sourcecode.swift; path = NotImplemented.swift; sourceTree = "<group>"; };
		6AF0EB292AADE1780044C09C /* Store.swift */ = {isa = PBXFileReference; lastKnownFileType = sourcecode.swift; path = Store.swift; sourceTree = "<group>"; };
		6AF0EB2B2AADE2530044C09C /* WebView.swift */ = {isa = PBXFileReference; lastKnownFileType = sourcecode.swift; path = WebView.swift; sourceTree = "<group>"; };
		6AF7214C2B4C53F700AFD8F2 /* SearchBar.swift */ = {isa = PBXFileReference; lastKnownFileType = sourcecode.swift; path = SearchBar.swift; sourceTree = "<group>"; };
		6AFC02842ABF67F60004AB77 /* Bundle.swift */ = {isa = PBXFileReference; lastKnownFileType = sourcecode.swift; path = Bundle.swift; sourceTree = "<group>"; };
/* End PBXFileReference section */

/* Begin PBXFrameworksBuildPhase section */
		6AB474922AACBBE900AB9C63 /* Frameworks */ = {
			isa = PBXFrameworksBuildPhase;
			buildActionMask = 2147483647;
			files = (
				6AFC02812ABE02970004AB77 /* Sparkle in Frameworks */,
				6AFC027E2ABDB5D40004AB77 /* SwiftyJSON in Frameworks */,
				6AAD31152B08693D0035FA69 /* SemanticVersion in Frameworks */,
				6A0C66852ABC4092004B0755 /* CachedAsyncImage in Frameworks */,
				6A371B592AE7DFBF0054BF7A /* ZIPFoundation in Frameworks */,
			);
			runOnlyForDeploymentPostprocessing = 0;
		};
/* End PBXFrameworksBuildPhase section */

/* Begin PBXGroup section */
		6A009E602AB596D400A1397F /* Controllers */ = {
			isa = PBXGroup;
			children = (
				6A1C6F432AEFD98500F89AE7 /* Wine */,
				6A634B662AE9514600EAC63C /* Legendary */,
				6A634B682AE9516400EAC63C /* WhiskyInterface */,
				6A0461B82B48568200DDF215 /* LocalGames */,
			);
			path = Controllers;
			sourceTree = "<group>";
		};
		6A009E612AB596E300A1397F /* Other */ = {
			isa = PBXGroup;
			children = (
			);
			path = Other;
			sourceTree = "<group>";
		};
		6A00F2012AC5F51A0054858A /* GameList */ = {
			isa = PBXGroup;
			children = (
				6AA5307E2AB5E1DD002D238E /* GameList.swift */,
				6A00F2022AC5F52B0054858A /* Extensions */,
			);
			path = GameList;
			sourceTree = "<group>";
		};
		6A00F2022AC5F52B0054858A /* Extensions */ = {
			isa = PBXGroup;
			children = (
				6A4C396D2AC5DA4D002F943B /* GameSettings.swift */,
				6A00F1FF2AC5EC490054858A /* Install.swift */,
				6A82830D2AC71DAF005CA9AC /* Uninstall.swift */,
				6A3A52542ADBD5E000BD7776 /* PlayDefault.swift */,
			);
			path = Extensions;
			sourceTree = "<group>";
		};
		6A00F2032AC5F7220054858A /* Library */ = {
			isa = PBXGroup;
			children = (
				6AD506572AAFF6CB008A28C1 /* Library.swift */,
				6A00F2062AC5F7610054858A /* Extensions */,
			);
			path = Library;
			sourceTree = "<group>";
		};
		6A00F2062AC5F7610054858A /* Extensions */ = {
			isa = PBXGroup;
			children = (
				6A00F2042AC5F7450054858A /* GameImport.swift */,
			);
			path = Extensions;
			sourceTree = "<group>";
		};
		6A00F2082AC5F7DE0054858A /* ProgressView */ = {
			isa = PBXGroup;
			children = (
				6AC4745C2AC07F0D00188D38 /* ProgressView.swift */,
				6A00F20C2AC5F8F90054858A /* ProgressViewWithError.swift */,
			);
			path = ProgressView;
			sourceTree = "<group>";
		};
		6A0461B82B48568200DDF215 /* LocalGames */ = {
			isa = PBXGroup;
			children = (
				6A38B64B2ACDB972004EC2E4 /* LocalGames.swift */,
				6A0461B92B4856A500DDF215 /* Extensions */,
			);
			path = LocalGames;
			sourceTree = "<group>";
		};
		6A0461B92B4856A500DDF215 /* Extensions */ = {
			isa = PBXGroup;
			children = (
				6A0461BA2B4856C800DDF215 /* LocalGamesExt.swift */,
			);
			path = Extensions;
			sourceTree = "<group>";
		};
		6A0C668A2ABC5235004B0755 /* Extensions */ = {
			isa = PBXGroup;
			children = (
				6A6923512AD6D83D00157E3E /* Global.swift */,
				6A009E5E2AB5816A00A1397F /* Logger.swift */,
				6AFC02842ABF67F60004AB77 /* Bundle.swift */,
				6A371B5C2AE84E340054BF7A /* Data.swift */,
			);
			path = Extensions;
			sourceTree = "<group>";
		};
		6A1C6F432AEFD98500F89AE7 /* Wine */ = {
			isa = PBXGroup;
			children = (
				6A1C6F412AEFD95900F89AE7 /* WineInterface.swift */,
				6A1C6F442AEFD99300F89AE7 /* Extensions */,
			);
			path = Wine;
			sourceTree = "<group>";
		};
		6A1C6F442AEFD99300F89AE7 /* Extensions */ = {
			isa = PBXGroup;
			children = (
				6A1C6F452AEFD9B100F89AE7 /* WineInterfaceExt.swift */,
			);
			path = Extensions;
			sourceTree = "<group>";
		};
		6A371B502AE7A4870054BF7A /* Onboarding */ = {
			isa = PBXGroup;
			children = (
				6AF0EB1E2AAD4E0A0044C09C /* Onboarding.swift */,
				6A371B532AE7A5AE0054BF7A /* Extensions */,
			);
			path = Onboarding;
			sourceTree = "<group>";
		};
		6A371B532AE7A5AE0054BF7A /* Extensions */ = {
			isa = PBXGroup;
			children = (
				6A371B552AE7A5E20054BF7A /* Installer.swift */,
			);
			path = Extensions;
			sourceTree = "<group>";
		};
		6A634B662AE9514600EAC63C /* Legendary */ = {
			isa = PBXGroup;
			children = (
				6AA6CCE22AD52B2600F664A5 /* LegendaryInterface.swift */,
				6A634B672AE9515600EAC63C /* Extensions */,
			);
			path = Legendary;
			sourceTree = "<group>";
		};
		6A634B672AE9515600EAC63C /* Extensions */ = {
			isa = PBXGroup;
			children = (
				6AA6CCE62AD571C500F664A5 /* LegendaryInterfaceExt.swift */,
			);
			path = Extensions;
			sourceTree = "<group>";
		};
		6A634B682AE9516400EAC63C /* WhiskyInterface */ = {
			isa = PBXGroup;
			children = (
				6A0585472ADEC17300165C3C /* WhiskyInterface.swift */,
				6A634B692AE9517000EAC63C /* Extensions */,
			);
			path = WhiskyInterface;
			sourceTree = "<group>";
		};
		6A634B692AE9517000EAC63C /* Extensions */ = {
			isa = PBXGroup;
			children = (
				6ADF47FE2ADECD880039CDC9 /* WhiskyInterfaceExt.swift */,
			);
			path = Extensions;
			sourceTree = "<group>";
		};
		6A634B6B2AE951C500EAC63C /* Libraries */ = {
			isa = PBXGroup;
			children = (
				6A371B5A2AE7E93B0054BF7A /* Libraries.swift */,
				6A634B6C2AE951D000EAC63C /* Extensions */,
			);
			path = Libraries;
			sourceTree = "<group>";
		};
		6A634B6C2AE951D000EAC63C /* Extensions */ = {
			isa = PBXGroup;
			children = (
				6A634B6D2AE951DC00EAC63C /* LibrariesExt.swift */,
			);
			path = Extensions;
			sourceTree = "<group>";
		};
		6A7F00B22B231EEA00D801CD /* Alerts */ = {
			isa = PBXGroup;
			children = (
				6A7F00B02B231EDF00D801CD /* StopDownloadAlert.swift */,
			);
			path = Alerts;
			sourceTree = "<group>";
		};
		6AB4748C2AACBBE900AB9C63 = {
			isa = PBXGroup;
			children = (
				6AB474972AACBBE900AB9C63 /* Mythic */,
				6AB474962AACBBE900AB9C63 /* Products */,
			);
			sourceTree = "<group>";
		};
		6AB474962AACBBE900AB9C63 /* Products */ = {
			isa = PBXGroup;
			children = (
				6AB474952AACBBE900AB9C63 /* Mythic.app */,
			);
			name = Products;
			sourceTree = "<group>";
		};
		6AB474972AACBBE900AB9C63 /* Mythic */ = {
			isa = PBXGroup;
			children = (
				6AC25CBE2AAEFF5100D395CF /* Info.plist */,
				6AB474982AACBBE900AB9C63 /* MythicApp.swift */,
				6AF0EB1D2AAD4DD70044C09C /* Utilities */,
				6AB474A92AACBCD000AB9C63 /* Views */,
				6A009E602AB596D400A1397F /* Controllers */,
				6A0C668A2ABC5235004B0755 /* Extensions */,
				6A009E612AB596E300A1397F /* Other */,
				6AC3E18A2B374F3C000EB765 /* Deprecated */,
				6AAF14DE2B271DF4000B1BA2 /* legendary */,
				6AB4749C2AACBBEA00AB9C63 /* Assets.xcassets */,
				6A85A14E2B452B9400E05D83 /* Localizable.xcstrings */,
				6AB474A12AACBBEA00AB9C63 /* Mythic.entitlements */,
				6AB4749E2AACBBEA00AB9C63 /* Preview Content */,
			);
			path = Mythic;
			sourceTree = "<group>";
		};
		6AB4749E2AACBBEA00AB9C63 /* Preview Content */ = {
			isa = PBXGroup;
			children = (
				6AB4749F2AACBBEA00AB9C63 /* Preview Assets.xcassets */,
			);
			path = "Preview Content";
			sourceTree = "<group>";
		};
		6AB474A92AACBCD000AB9C63 /* Views */ = {
			isa = PBXGroup;
			children = (
				6A00F2012AC5F51A0054858A /* GameList */,
				6AF0EB2B2AADE2530044C09C /* WebView.swift */,
				6AF7214C2B4C53F700AFD8F2 /* SearchBar.swift */,
				6AF0EB202AAD4F1E0044C09C /* NotImplemented.swift */,
				6AF0EB1C2AAD4C830044C09C /* Sheets */,
				6A7F00B22B231EEA00D801CD /* Alerts */,
				6AD506542AAFF52B008A28C1 /* Navigation */,
			);
			path = Views;
			sourceTree = "<group>";
		};
		6AC3E18A2B374F3C000EB765 /* Deprecated */ = {
			isa = PBXGroup;
			children = (
				6AC3E18C2B39D1EC000EB765 /* Utilities */,
			);
			path = Deprecated;
			sourceTree = "<group>";
		};
		6AC3E18C2B39D1EC000EB765 /* Utilities */ = {
			isa = PBXGroup;
			children = (
				6A1ECF712B0CA0560010DC17 /* EventManager.swift */,
			);
			path = Utilities;
			sourceTree = "<group>";
		};
		6AD506542AAFF52B008A28C1 /* Navigation */ = {
			isa = PBXGroup;
			children = (
				6AD506552AAFF671008A28C1 /* Home.swift */,
				6A00F2032AC5F7220054858A /* Library */,
				6AF0EB292AADE1780044C09C /* Store.swift */,
				6AC25CBC2AAED24700D395CF /* Settings.swift */,
				6AD506592AAFF6E2008A28C1 /* Wine.swift */,
				6AD5065B2AAFF6F0008A28C1 /* Support.swift */,
				6AB474A72AACBC0100AB9C63 /* Main.swift */,
			);
			path = Navigation;
			sourceTree = "<group>";
		};
		6AF0EB1C2AAD4C830044C09C /* Sheets */ = {
			isa = PBXGroup;
			children = (
				6A00F2082AC5F7DE0054858A /* ProgressView */,
				6A371B502AE7A4870054BF7A /* Onboarding */,
				6A00F20A2AC5F8730054858A /* Auth.swift */,
				6A1322372B1C98AE0049BB64 /* InstallStatus.swift */,
			);
			path = Sheets;
			sourceTree = "<group>";
		};
		6AF0EB1D2AAD4DD70044C09C /* Utilities */ = {
			isa = PBXGroup;
			children = (
				6A634B6B2AE951C500EAC63C /* Libraries */,
				6AACB0922AC71757007D7CE8 /* UpdaterSettings[TEST].swift */,
				6A1417B72AF7CCD80022DE24 /* FileLocations.swift */,
				6AC3E1882B374D2E000EB765 /* VariableManager.swift */,
				6AE4A9A22B44682E0060D483 /* Lock.swift */,
			);
			path = Utilities;
			sourceTree = "<group>";
		};
/* End PBXGroup section */

/* Begin PBXNativeTarget section */
		6AB474942AACBBE900AB9C63 /* Mythic */ = {
			isa = PBXNativeTarget;
			buildConfigurationList = 6AB474A42AACBBEA00AB9C63 /* Build configuration list for PBXNativeTarget "Mythic" */;
			buildPhases = (
				6AB474912AACBBE900AB9C63 /* Sources */,
				6AB474922AACBBE900AB9C63 /* Frameworks */,
				6AB474932AACBBE900AB9C63 /* Resources */,
				6E47429A2B0A85C4004FA8A8 /* SwiftLint */,
			);
			buildRules = (
			);
			dependencies = (
			);
			name = Mythic;
			packageProductDependencies = (
				6A0C66842ABC4092004B0755 /* CachedAsyncImage */,
				6AFC027D2ABDB5D40004AB77 /* SwiftyJSON */,
				6AFC02802ABE02970004AB77 /* Sparkle */,
				6A371B582AE7DFBF0054BF7A /* ZIPFoundation */,
				6AAD31142B08693D0035FA69 /* SemanticVersion */,
			);
			productName = Mythic;
			productReference = 6AB474952AACBBE900AB9C63 /* Mythic.app */;
			productType = "com.apple.product-type.application";
		};
/* End PBXNativeTarget section */

/* Begin PBXProject section */
		6AB4748D2AACBBE900AB9C63 /* Project object */ = {
			isa = PBXProject;
			attributes = {
				BuildIndependentTargetsInParallel = 1;
				LastSwiftUpdateCheck = 1500;
				LastUpgradeCheck = 1520;
				TargetAttributes = {
					6AB474942AACBBE900AB9C63 = {
						CreatedOnToolsVersion = 15.0;
					};
				};
			};
			buildConfigurationList = 6AB474902AACBBE900AB9C63 /* Build configuration list for PBXProject "Mythic" */;
			compatibilityVersion = "Xcode 14.0";
			developmentRegion = en;
			hasScannedForEncodings = 0;
			knownRegions = (
				en,
				Base,
			);
			mainGroup = 6AB4748C2AACBBE900AB9C63;
			packageReferences = (
				6A0C66832ABC4092004B0755 /* XCRemoteSwiftPackageReference "swiftui-cached-async-image" */,
				6AFC027C2ABDB5D40004AB77 /* XCRemoteSwiftPackageReference "SwiftyJSON" */,
				6AFC027F2ABE02970004AB77 /* XCRemoteSwiftPackageReference "Sparkle" */,
				6A371B572AE7DFBF0054BF7A /* XCRemoteSwiftPackageReference "ZIPFoundation" */,
				6AAD31132B08693D0035FA69 /* XCRemoteSwiftPackageReference "SemanticVersion" */,
			);
			productRefGroup = 6AB474962AACBBE900AB9C63 /* Products */;
			projectDirPath = "";
			projectRoot = "";
			targets = (
				6AB474942AACBBE900AB9C63 /* Mythic */,
			);
		};
/* End PBXProject section */

/* Begin PBXResourcesBuildPhase section */
		6AB474932AACBBE900AB9C63 /* Resources */ = {
			isa = PBXResourcesBuildPhase;
			buildActionMask = 2147483647;
			files = (
				6AB474A02AACBBEA00AB9C63 /* Preview Assets.xcassets in Resources */,
				6AB4749D2AACBBEA00AB9C63 /* Assets.xcassets in Resources */,
				6A85A14F2B452B9400E05D83 /* Localizable.xcstrings in Resources */,
				6AAF14DF2B271DF4000B1BA2 /* legendary in Resources */,
			);
			runOnlyForDeploymentPostprocessing = 0;
		};
/* End PBXResourcesBuildPhase section */

/* Begin PBXShellScriptBuildPhase section */
		6E47429A2B0A85C4004FA8A8 /* SwiftLint */ = {
			isa = PBXShellScriptBuildPhase;
			alwaysOutOfDate = 1;
			buildActionMask = 2147483647;
			files = (
			);
			inputFileListPaths = (
			);
			inputPaths = (
			);
			name = SwiftLint;
			outputFileListPaths = (
			);
			outputPaths = (
			);
			runOnlyForDeploymentPostprocessing = 0;
			shellPath = /bin/sh;
			shellScript = "if [[ -z \"$FASTLANE\" ]]; then\n    export PATH=\"$PATH:/opt/homebrew/bin\"\n    if which swiftlint > /dev/null; then\n        swiftlint\n    else\n        echo \"error: SwiftLint not installed, download from https://github.com/realm/SwiftLint\"\n        exit -1\n    fi\nfi\n";
		};
/* End PBXShellScriptBuildPhase section */

/* Begin PBXSourcesBuildPhase section */
		6AB474912AACBBE900AB9C63 /* Sources */ = {
			isa = PBXSourcesBuildPhase;
			buildActionMask = 2147483647;
			files = (
				6A7F00B12B231EDF00D801CD /* StopDownloadAlert.swift in Sources */,
				6A38B64C2ACDB972004EC2E4 /* LocalGames.swift in Sources */,
				6AF0EB2A2AADE1780044C09C /* Store.swift in Sources */,
				6A82830E2AC71DAF005CA9AC /* Uninstall.swift in Sources */,
				6A634B6E2AE951DC00EAC63C /* LibrariesExt.swift in Sources */,
				6A4C396E2AC5DA4D002F943B /* GameSettings.swift in Sources */,
				6A371B5D2AE84E340054BF7A /* Data.swift in Sources */,
				6A1C6F422AEFD95900F89AE7 /* WineInterface.swift in Sources */,
				6ADF47FF2ADECD880039CDC9 /* WhiskyInterfaceExt.swift in Sources */,
				6AF0EB2C2AADE2530044C09C /* WebView.swift in Sources */,
				6A0585482ADEC17300165C3C /* WhiskyInterface.swift in Sources */,
				6AFC02852ABF67F60004AB77 /* Bundle.swift in Sources */,
				6AACB0932AC71757007D7CE8 /* UpdaterSettings[TEST].swift in Sources */,
				6AF0EB212AAD4F1E0044C09C /* NotImplemented.swift in Sources */,
				6A00F2052AC5F7450054858A /* GameImport.swift in Sources */,
				6A3A52552ADBD5E000BD7776 /* PlayDefault.swift in Sources */,
				6AD506562AAFF671008A28C1 /* Home.swift in Sources */,
				6A1C6F462AEFD9B100F89AE7 /* WineInterfaceExt.swift in Sources */,
				6AA6CCE72AD571C500F664A5 /* LegendaryInterfaceExt.swift in Sources */,
				6AD5065C2AAFF6F0008A28C1 /* Support.swift in Sources */,
				6A1322382B1C98AE0049BB64 /* InstallStatus.swift in Sources */,
				6AD5065A2AAFF6E2008A28C1 /* Wine.swift in Sources */,
				6AF0EB1F2AAD4E0A0044C09C /* Onboarding.swift in Sources */,
				6AC25CBD2AAED24700D395CF /* Settings.swift in Sources */,
				6A371B562AE7A5E20054BF7A /* Installer.swift in Sources */,
				6AD506582AAFF6CB008A28C1 /* Library.swift in Sources */,
				6A00F2002AC5EC490054858A /* Install.swift in Sources */,
				6A009E5F2AB5816A00A1397F /* Logger.swift in Sources */,
				6AB474992AACBBE900AB9C63 /* MythicApp.swift in Sources */,
				6A00F20D2AC5F8F90054858A /* ProgressViewWithError.swift in Sources */,
				6A1417B82AF7CCD80022DE24 /* FileLocations.swift in Sources */,
				6AE4A9A32B44682E0060D483 /* Lock.swift in Sources */,
				6A1ECF722B0CA0560010DC17 /* EventManager.swift in Sources */,
				6AA6CCE32AD52B2600F664A5 /* LegendaryInterface.swift in Sources */,
				6AC3E1892B374D2E000EB765 /* VariableManager.swift in Sources */,
				6A00F20B2AC5F8730054858A /* Auth.swift in Sources */,
				6A371B5B2AE7E93B0054BF7A /* Libraries.swift in Sources */,
				6A0461BB2B4856C800DDF215 /* LocalGamesExt.swift in Sources */,
				6AC4745D2AC07F0D00188D38 /* ProgressView.swift in Sources */,
				6AF7214D2B4C53F700AFD8F2 /* SearchBar.swift in Sources */,
				6AA5307F2AB5E1DD002D238E /* GameList.swift in Sources */,
				6AB474A82AACBC0100AB9C63 /* Main.swift in Sources */,
				6A6923522AD6D83D00157E3E /* Global.swift in Sources */,
			);
			runOnlyForDeploymentPostprocessing = 0;
		};
/* End PBXSourcesBuildPhase section */

/* Begin XCBuildConfiguration section */
		6AB474A22AACBBEA00AB9C63 /* Debug */ = {
			isa = XCBuildConfiguration;
			buildSettings = {
				ALWAYS_SEARCH_USER_PATHS = NO;
				ASSETCATALOG_COMPILER_GENERATE_SWIFT_ASSET_SYMBOL_EXTENSIONS = YES;
				CLANG_ANALYZER_NONNULL = YES;
				CLANG_ANALYZER_NUMBER_OBJECT_CONVERSION = YES_AGGRESSIVE;
				CLANG_CXX_LANGUAGE_STANDARD = "gnu++20";
				CLANG_ENABLE_MODULES = YES;
				CLANG_ENABLE_OBJC_ARC = YES;
				CLANG_ENABLE_OBJC_WEAK = YES;
				CLANG_WARN_BLOCK_CAPTURE_AUTORELEASING = YES;
				CLANG_WARN_BOOL_CONVERSION = YES;
				CLANG_WARN_COMMA = YES;
				CLANG_WARN_CONSTANT_CONVERSION = YES;
				CLANG_WARN_DEPRECATED_OBJC_IMPLEMENTATIONS = YES;
				CLANG_WARN_DIRECT_OBJC_ISA_USAGE = YES_ERROR;
				CLANG_WARN_DOCUMENTATION_COMMENTS = YES;
				CLANG_WARN_EMPTY_BODY = YES;
				CLANG_WARN_ENUM_CONVERSION = YES;
				CLANG_WARN_INFINITE_RECURSION = YES;
				CLANG_WARN_INT_CONVERSION = YES;
				CLANG_WARN_NON_LITERAL_NULL_CONVERSION = YES;
				CLANG_WARN_OBJC_IMPLICIT_RETAIN_SELF = YES;
				CLANG_WARN_OBJC_LITERAL_CONVERSION = YES;
				CLANG_WARN_OBJC_ROOT_CLASS = YES_ERROR;
				CLANG_WARN_QUOTED_INCLUDE_IN_FRAMEWORK_HEADER = YES;
				CLANG_WARN_RANGE_LOOP_ANALYSIS = YES;
				CLANG_WARN_STRICT_PROTOTYPES = YES;
				CLANG_WARN_SUSPICIOUS_MOVE = YES;
				CLANG_WARN_UNGUARDED_AVAILABILITY = YES_AGGRESSIVE;
				CLANG_WARN_UNREACHABLE_CODE = YES;
				CLANG_WARN__DUPLICATE_METHOD_MATCH = YES;
				COPY_PHASE_STRIP = NO;
				DEAD_CODE_STRIPPING = YES;
				DEBUG_INFORMATION_FORMAT = dwarf;
				ENABLE_STRICT_OBJC_MSGSEND = YES;
				ENABLE_TESTABILITY = YES;
				ENABLE_USER_SCRIPT_SANDBOXING = YES;
				GCC_C_LANGUAGE_STANDARD = gnu17;
				GCC_DYNAMIC_NO_PIC = NO;
				GCC_NO_COMMON_BLOCKS = YES;
				GCC_OPTIMIZATION_LEVEL = 0;
				GCC_PREPROCESSOR_DEFINITIONS = (
					"DEBUG=1",
					"$(inherited)",
				);
				GCC_WARN_64_TO_32_BIT_CONVERSION = YES;
				GCC_WARN_ABOUT_RETURN_TYPE = YES_ERROR;
				GCC_WARN_UNDECLARED_SELECTOR = YES;
				GCC_WARN_UNINITIALIZED_AUTOS = YES_AGGRESSIVE;
				GCC_WARN_UNUSED_FUNCTION = YES;
				GCC_WARN_UNUSED_VARIABLE = YES;
				LOCALIZATION_PREFERS_STRING_CATALOGS = YES;
				MACOSX_DEPLOYMENT_TARGET = 14.0;
				MTL_ENABLE_DEBUG_INFO = INCLUDE_SOURCE;
				MTL_FAST_MATH = YES;
				ONLY_ACTIVE_ARCH = YES;
				SDKROOT = macosx;
				SWIFT_ACTIVE_COMPILATION_CONDITIONS = "DEBUG $(inherited)";
				SWIFT_OPTIMIZATION_LEVEL = "-Onone";
			};
			name = Debug;
		};
		6AB474A32AACBBEA00AB9C63 /* Release */ = {
			isa = XCBuildConfiguration;
			buildSettings = {
				ALWAYS_SEARCH_USER_PATHS = NO;
				ASSETCATALOG_COMPILER_GENERATE_SWIFT_ASSET_SYMBOL_EXTENSIONS = YES;
				CLANG_ANALYZER_NONNULL = YES;
				CLANG_ANALYZER_NUMBER_OBJECT_CONVERSION = YES_AGGRESSIVE;
				CLANG_CXX_LANGUAGE_STANDARD = "gnu++20";
				CLANG_ENABLE_MODULES = YES;
				CLANG_ENABLE_OBJC_ARC = YES;
				CLANG_ENABLE_OBJC_WEAK = YES;
				CLANG_WARN_BLOCK_CAPTURE_AUTORELEASING = YES;
				CLANG_WARN_BOOL_CONVERSION = YES;
				CLANG_WARN_COMMA = YES;
				CLANG_WARN_CONSTANT_CONVERSION = YES;
				CLANG_WARN_DEPRECATED_OBJC_IMPLEMENTATIONS = YES;
				CLANG_WARN_DIRECT_OBJC_ISA_USAGE = YES_ERROR;
				CLANG_WARN_DOCUMENTATION_COMMENTS = YES;
				CLANG_WARN_EMPTY_BODY = YES;
				CLANG_WARN_ENUM_CONVERSION = YES;
				CLANG_WARN_INFINITE_RECURSION = YES;
				CLANG_WARN_INT_CONVERSION = YES;
				CLANG_WARN_NON_LITERAL_NULL_CONVERSION = YES;
				CLANG_WARN_OBJC_IMPLICIT_RETAIN_SELF = YES;
				CLANG_WARN_OBJC_LITERAL_CONVERSION = YES;
				CLANG_WARN_OBJC_ROOT_CLASS = YES_ERROR;
				CLANG_WARN_QUOTED_INCLUDE_IN_FRAMEWORK_HEADER = YES;
				CLANG_WARN_RANGE_LOOP_ANALYSIS = YES;
				CLANG_WARN_STRICT_PROTOTYPES = YES;
				CLANG_WARN_SUSPICIOUS_MOVE = YES;
				CLANG_WARN_UNGUARDED_AVAILABILITY = YES_AGGRESSIVE;
				CLANG_WARN_UNREACHABLE_CODE = YES;
				CLANG_WARN__DUPLICATE_METHOD_MATCH = YES;
				COPY_PHASE_STRIP = NO;
				DEAD_CODE_STRIPPING = YES;
				DEBUG_INFORMATION_FORMAT = "dwarf-with-dsym";
				ENABLE_NS_ASSERTIONS = NO;
				ENABLE_STRICT_OBJC_MSGSEND = YES;
				ENABLE_USER_SCRIPT_SANDBOXING = YES;
				GCC_C_LANGUAGE_STANDARD = gnu17;
				GCC_NO_COMMON_BLOCKS = YES;
				GCC_WARN_64_TO_32_BIT_CONVERSION = YES;
				GCC_WARN_ABOUT_RETURN_TYPE = YES_ERROR;
				GCC_WARN_UNDECLARED_SELECTOR = YES;
				GCC_WARN_UNINITIALIZED_AUTOS = YES_AGGRESSIVE;
				GCC_WARN_UNUSED_FUNCTION = YES;
				GCC_WARN_UNUSED_VARIABLE = YES;
				LOCALIZATION_PREFERS_STRING_CATALOGS = YES;
				MACOSX_DEPLOYMENT_TARGET = 14.0;
				MTL_ENABLE_DEBUG_INFO = NO;
				MTL_FAST_MATH = YES;
				SDKROOT = macosx;
				SWIFT_COMPILATION_MODE = wholemodule;
			};
			name = Release;
		};
		6AB474A52AACBBEA00AB9C63 /* Debug */ = {
			isa = XCBuildConfiguration;
			buildSettings = {
				ASSETCATALOG_COMPILER_APPICON_NAME = AppIcon;
				ASSETCATALOG_COMPILER_GLOBAL_ACCENT_COLOR_NAME = AccentColor;
				ASSETCATALOG_COMPILER_INCLUDE_ALL_APPICON_ASSETS = YES;
				CODE_SIGN_ENTITLEMENTS = Mythic/Mythic.entitlements;
				CODE_SIGN_IDENTITY = "Apple Development";
				"CODE_SIGN_IDENTITY[sdk=macosx*]" = "Apple Development";
				CODE_SIGN_STYLE = Automatic;
				COMBINE_HIDPI_IMAGES = YES;
				CURRENT_PROJECT_VERSION = 2227;
				DEAD_CODE_STRIPPING = YES;
				DEVELOPMENT_ASSET_PATHS = "\"Mythic/Preview Content\"";
				DEVELOPMENT_TEAM = 67ZBY275P8;
				ENABLE_HARDENED_RUNTIME = YES;
				ENABLE_PREVIEWS = YES;
				ENABLE_USER_SCRIPT_SANDBOXING = NO;
				GENERATE_INFOPLIST_FILE = YES;
				INFOPLIST_FILE = Mythic/Info.plist;
				INFOPLIST_KEY_CFBundleDisplayName = Mythic;
				"INFOPLIST_KEY_CFBundleDisplayName[sdk=*]" = Mythic;
				INFOPLIST_KEY_LSApplicationCategoryType = "public.app-category.utilities";
				INFOPLIST_KEY_NSHumanReadableCopyright = "";
				LD_RUNPATH_SEARCH_PATHS = (
					"$(inherited)",
					"@executable_path/../Frameworks",
				);
				LIBRARY_SEARCH_PATHS = "";
				MARKETING_VERSION = 0.1.0;
				PRODUCT_BUNDLE_IDENTIFIER = xyz.blackxfiied.Mythic;
				PRODUCT_NAME = "$(TARGET_NAME)";
				PROVISIONING_PROFILE_SPECIFIER = "";
				SWIFT_EMIT_LOC_STRINGS = YES;
				SWIFT_VERSION = 5.0;
				VERSIONING_SYSTEM = "apple-generic";
			};
			name = Debug;
		};
		6AB474A62AACBBEA00AB9C63 /* Release */ = {
			isa = XCBuildConfiguration;
			buildSettings = {
				ASSETCATALOG_COMPILER_APPICON_NAME = AppIcon;
				ASSETCATALOG_COMPILER_GLOBAL_ACCENT_COLOR_NAME = AccentColor;
				ASSETCATALOG_COMPILER_INCLUDE_ALL_APPICON_ASSETS = YES;
				CODE_SIGN_ENTITLEMENTS = Mythic/Mythic.entitlements;
				CODE_SIGN_IDENTITY = "Apple Development";
				"CODE_SIGN_IDENTITY[sdk=macosx*]" = "Apple Development";
				CODE_SIGN_STYLE = Automatic;
				COMBINE_HIDPI_IMAGES = YES;
				CURRENT_PROJECT_VERSION = 2227;
				DEAD_CODE_STRIPPING = YES;
				DEVELOPMENT_ASSET_PATHS = "\"Mythic/Preview Content\"";
				DEVELOPMENT_TEAM = 67ZBY275P8;
				ENABLE_HARDENED_RUNTIME = YES;
				ENABLE_PREVIEWS = YES;
				ENABLE_USER_SCRIPT_SANDBOXING = NO;
				GENERATE_INFOPLIST_FILE = YES;
				INFOPLIST_FILE = Mythic/Info.plist;
				INFOPLIST_KEY_CFBundleDisplayName = Mythic;
				"INFOPLIST_KEY_CFBundleDisplayName[sdk=*]" = Mythic;
				INFOPLIST_KEY_LSApplicationCategoryType = "public.app-category.utilities";
				INFOPLIST_KEY_NSHumanReadableCopyright = "";
				LD_RUNPATH_SEARCH_PATHS = (
					"$(inherited)",
					"@executable_path/../Frameworks",
				);
				LIBRARY_SEARCH_PATHS = "";
				MARKETING_VERSION = 0.1.0;
				PRODUCT_BUNDLE_IDENTIFIER = xyz.blackxfiied.Mythic;
				PRODUCT_NAME = "$(TARGET_NAME)";
				PROVISIONING_PROFILE_SPECIFIER = "";
				SWIFT_EMIT_LOC_STRINGS = YES;
				SWIFT_VERSION = 5.0;
				VERSIONING_SYSTEM = "apple-generic";
			};
			name = Release;
		};
/* End XCBuildConfiguration section */

/* Begin XCConfigurationList section */
		6AB474902AACBBE900AB9C63 /* Build configuration list for PBXProject "Mythic" */ = {
			isa = XCConfigurationList;
			buildConfigurations = (
				6AB474A22AACBBEA00AB9C63 /* Debug */,
				6AB474A32AACBBEA00AB9C63 /* Release */,
			);
			defaultConfigurationIsVisible = 0;
			defaultConfigurationName = Release;
		};
		6AB474A42AACBBEA00AB9C63 /* Build configuration list for PBXNativeTarget "Mythic" */ = {
			isa = XCConfigurationList;
			buildConfigurations = (
				6AB474A52AACBBEA00AB9C63 /* Debug */,
				6AB474A62AACBBEA00AB9C63 /* Release */,
			);
			defaultConfigurationIsVisible = 0;
			defaultConfigurationName = Release;
		};
/* End XCConfigurationList section */

/* Begin XCRemoteSwiftPackageReference section */
		6A0C66832ABC4092004B0755 /* XCRemoteSwiftPackageReference "swiftui-cached-async-image" */ = {
			isa = XCRemoteSwiftPackageReference;
			repositoryURL = "https://github.com/lorenzofiamingo/swiftui-cached-async-image";
			requirement = {
				kind = upToNextMajorVersion;
				minimumVersion = 2.1.1;
			};
		};
		6A371B572AE7DFBF0054BF7A /* XCRemoteSwiftPackageReference "ZIPFoundation" */ = {
			isa = XCRemoteSwiftPackageReference;
			repositoryURL = "https://github.com/weichsel/ZIPFoundation";
			requirement = {
				kind = upToNextMajorVersion;
				minimumVersion = 0.9.17;
			};
		};
		6AAD31132B08693D0035FA69 /* XCRemoteSwiftPackageReference "SemanticVersion" */ = {
			isa = XCRemoteSwiftPackageReference;
			repositoryURL = "https://github.com/SwiftPackageIndex/SemanticVersion";
			requirement = {
				kind = upToNextMajorVersion;
				minimumVersion = 0.3.8;
			};
		};
		6AFC027C2ABDB5D40004AB77 /* XCRemoteSwiftPackageReference "SwiftyJSON" */ = {
			isa = XCRemoteSwiftPackageReference;
			repositoryURL = "https://github.com/SwiftyJSON/SwiftyJSON";
			requirement = {
				kind = upToNextMajorVersion;
				minimumVersion = 5.0.1;
			};
		};
		6AFC027F2ABE02970004AB77 /* XCRemoteSwiftPackageReference "Sparkle" */ = {
			isa = XCRemoteSwiftPackageReference;
			repositoryURL = "https://github.com/sparkle-project/Sparkle";
			requirement = {
				kind = upToNextMajorVersion;
				minimumVersion = 2.5.0;
			};
		};
/* End XCRemoteSwiftPackageReference section */

/* Begin XCSwiftPackageProductDependency section */
		6A0C66842ABC4092004B0755 /* CachedAsyncImage */ = {
			isa = XCSwiftPackageProductDependency;
			package = 6A0C66832ABC4092004B0755 /* XCRemoteSwiftPackageReference "swiftui-cached-async-image" */;
			productName = CachedAsyncImage;
		};
		6A371B582AE7DFBF0054BF7A /* ZIPFoundation */ = {
			isa = XCSwiftPackageProductDependency;
			package = 6A371B572AE7DFBF0054BF7A /* XCRemoteSwiftPackageReference "ZIPFoundation" */;
			productName = ZIPFoundation;
		};
		6AAD31142B08693D0035FA69 /* SemanticVersion */ = {
			isa = XCSwiftPackageProductDependency;
			package = 6AAD31132B08693D0035FA69 /* XCRemoteSwiftPackageReference "SemanticVersion" */;
			productName = SemanticVersion;
		};
		6AFC027D2ABDB5D40004AB77 /* SwiftyJSON */ = {
			isa = XCSwiftPackageProductDependency;
			package = 6AFC027C2ABDB5D40004AB77 /* XCRemoteSwiftPackageReference "SwiftyJSON" */;
			productName = SwiftyJSON;
		};
		6AFC02802ABE02970004AB77 /* Sparkle */ = {
			isa = XCSwiftPackageProductDependency;
			package = 6AFC027F2ABE02970004AB77 /* XCRemoteSwiftPackageReference "Sparkle" */;
			productName = Sparkle;
		};
/* End XCSwiftPackageProductDependency section */
	};
	rootObject = 6AB4748D2AACBBE900AB9C63 /* Project object */;
}
